// !$*UTF8*$!
{
	archiveVersion = 1;
	classes = {
	};
	objectVersion = 50;
	objects = {

/* Begin PBXBuildFile section */
		24A6B32C210176F10054C6CE /* AppDelegate.swift in Sources */ = {isa = PBXBuildFile; fileRef = 24A6B32B210176F10054C6CE /* AppDelegate.swift */; };
		24A6B32E210176F10054C6CE /* ViewController.swift in Sources */ = {isa = PBXBuildFile; fileRef = 24A6B32D210176F10054C6CE /* ViewController.swift */; };
		24A6B331210176F10054C6CE /* Main.storyboard in Resources */ = {isa = PBXBuildFile; fileRef = 24A6B32F210176F10054C6CE /* Main.storyboard */; };
		24A6B333210176F20054C6CE /* Assets.xcassets in Resources */ = {isa = PBXBuildFile; fileRef = 24A6B332210176F20054C6CE /* Assets.xcassets */; };
		24A6B336210176F20054C6CE /* LaunchScreen.storyboard in Resources */ = {isa = PBXBuildFile; fileRef = 24A6B334210176F20054C6CE /* LaunchScreen.storyboard */; };
		24A6B341210176F20054C6CE /* UITestTutorialUITests.swift in Sources */ = {isa = PBXBuildFile; fileRef = 24A6B340210176F20054C6CE /* UITestTutorialUITests.swift */; };
/* End PBXBuildFile section */

/* Begin PBXContainerItemProxy section */
		24A6B33D210176F20054C6CE /* PBXContainerItemProxy */ = {
			isa = PBXContainerItemProxy;
			containerPortal = 24A6B320210176F10054C6CE /* Project object */;
			proxyType = 1;
			remoteGlobalIDString = 24A6B327210176F10054C6CE;
			remoteInfo = UITestTutorial;
		};
/* End PBXContainerItemProxy section */

/* Begin PBXFileReference section */
		24A6B328210176F10054C6CE /* UITestTutorial.app */ = {isa = PBXFileReference; explicitFileType = wrapper.application; includeInIndex = 0; path = UITestTutorial.app; sourceTree = BUILT_PRODUCTS_DIR; };
		24A6B32B210176F10054C6CE /* AppDelegate.swift */ = {isa = PBXFileReference; lastKnownFileType = sourcecode.swift; path = AppDelegate.swift; sourceTree = "<group>"; };
		24A6B32D210176F10054C6CE /* ViewController.swift */ = {isa = PBXFileReference; lastKnownFileType = sourcecode.swift; path = ViewController.swift; sourceTree = "<group>"; };
		24A6B330210176F10054C6CE /* Base */ = {isa = PBXFileReference; lastKnownFileType = file.storyboard; name = Base; path = Base.lproj/Main.storyboard; sourceTree = "<group>"; };
		24A6B332210176F20054C6CE /* Assets.xcassets */ = {isa = PBXFileReference; lastKnownFileType = folder.assetcatalog; path = Assets.xcassets; sourceTree = "<group>"; };
		24A6B335210176F20054C6CE /* Base */ = {isa = PBXFileReference; lastKnownFileType = file.storyboard; name = Base; path = Base.lproj/LaunchScreen.storyboard; sourceTree = "<group>"; };
		24A6B337210176F20054C6CE /* Info.plist */ = {isa = PBXFileReference; lastKnownFileType = text.plist.xml; path = Info.plist; sourceTree = "<group>"; };
		24A6B33C210176F20054C6CE /* UITestTutorialUITests.xctest */ = {isa = PBXFileReference; explicitFileType = wrapper.cfbundle; includeInIndex = 0; path = UITestTutorialUITests.xctest; sourceTree = BUILT_PRODUCTS_DIR; };
		24A6B340210176F20054C6CE /* UITestTutorialUITests.swift */ = {isa = PBXFileReference; lastKnownFileType = sourcecode.swift; path = UITestTutorialUITests.swift; sourceTree = "<group>"; };
		24A6B342210176F20054C6CE /* Info.plist */ = {isa = PBXFileReference; lastKnownFileType = text.plist.xml; path = Info.plist; sourceTree = "<group>"; };
/* End PBXFileReference section */

/* Begin PBXFrameworksBuildPhase section */
		24A6B325210176F10054C6CE /* Frameworks */ = {
			isa = PBXFrameworksBuildPhase;
			buildActionMask = 2147483647;
			files = (
			);
			runOnlyForDeploymentPostprocessing = 0;
		};
		24A6B339210176F20054C6CE /* Frameworks */ = {
			isa = PBXFrameworksBuildPhase;
			buildActionMask = 2147483647;
			files = (
			);
			runOnlyForDeploymentPostprocessing = 0;
		};
/* End PBXFrameworksBuildPhase section */

/* Begin PBXGroup section */
		24A6B31F210176F10054C6CE = {
			isa = PBXGroup;
			children = (
				24A6B32A210176F10054C6CE /* UITestTutorial */,
				24A6B33F210176F20054C6CE /* UITestTutorialUITests */,
				24A6B329210176F10054C6CE /* Products */,
			);
			sourceTree = "<group>";
		};
		24A6B329210176F10054C6CE /* Products */ = {
			isa = PBXGroup;
			children = (
				24A6B328210176F10054C6CE /* UITestTutorial.app */,
				24A6B33C210176F20054C6CE /* UITestTutorialUITests.xctest */,
			);
			name = Products;
			sourceTree = "<group>";
		};
		24A6B32A210176F10054C6CE /* UITestTutorial */ = {
			isa = PBXGroup;
			children = (
				24A6B32B210176F10054C6CE /* AppDelegate.swift */,
				24A6B32D210176F10054C6CE /* ViewController.swift */,
				24A6B32F210176F10054C6CE /* Main.storyboard */,
				24A6B332210176F20054C6CE /* Assets.xcassets */,
				24A6B334210176F20054C6CE /* LaunchScreen.storyboard */,
				24A6B337210176F20054C6CE /* Info.plist */,
			);
			path = UITestTutorial;
			sourceTree = "<group>";
		};
		24A6B33F210176F20054C6CE /* UITestTutorialUITests */ = {
			isa = PBXGroup;
			children = (
				24A6B340210176F20054C6CE /* UITestTutorialUITests.swift */,
				24A6B342210176F20054C6CE /* Info.plist */,
			);
			path = UITestTutorialUITests;
			sourceTree = "<group>";
		};
/* End PBXGroup section */

/* Begin PBXNativeTarget section */
		24A6B327210176F10054C6CE /* UITestTutorial */ = {
			isa = PBXNativeTarget;
			buildConfigurationList = 24A6B345210176F20054C6CE /* Build configuration list for PBXNativeTarget "UITestTutorial" */;
			buildPhases = (
				24A6B324210176F10054C6CE /* Sources */,
				24A6B325210176F10054C6CE /* Frameworks */,
				24A6B326210176F10054C6CE /* Resources */,
			);
			buildRules = (
			);
			dependencies = (
			);
			name = UITestTutorial;
			productName = UITestTutorial;
			productReference = 24A6B328210176F10054C6CE /* UITestTutorial.app */;
			productType = "com.apple.product-type.application";
		};
		24A6B33B210176F20054C6CE /* UITestTutorialUITests */ = {
			isa = PBXNativeTarget;
			buildConfigurationList = 24A6B348210176F20054C6CE /* Build configuration list for PBXNativeTarget "UITestTutorialUITests" */;
			buildPhases = (
				24A6B338210176F20054C6CE /* Sources */,
				24A6B339210176F20054C6CE /* Frameworks */,
				24A6B33A210176F20054C6CE /* Resources */,
			);
			buildRules = (
			);
			dependencies = (
				24A6B33E210176F20054C6CE /* PBXTargetDependency */,
			);
			name = UITestTutorialUITests;
			productName = UITestTutorialUITests;
			productReference = 24A6B33C210176F20054C6CE /* UITestTutorialUITests.xctest */;
			productType = "com.apple.product-type.bundle.ui-testing";
		};
/* End PBXNativeTarget section */

/* Begin PBXProject section */
		24A6B320210176F10054C6CE /* Project object */ = {
			isa = PBXProject;
			attributes = {
				LastSwiftUpdateCheck = 0940;
				LastUpgradeCheck = 0940;
				ORGANIZATIONNAME = com.nakamura.yohei;
				TargetAttributes = {
					24A6B327210176F10054C6CE = {
						CreatedOnToolsVersion = 9.4.1;
					};
					24A6B33B210176F20054C6CE = {
						CreatedOnToolsVersion = 9.4.1;
						TestTargetID = 24A6B327210176F10054C6CE;
					};
				};
			};
			buildConfigurationList = 24A6B323210176F10054C6CE /* Build configuration list for PBXProject "UITestTutorial" */;
			compatibilityVersion = "Xcode 9.3";
			developmentRegion = en;
			hasScannedForEncodings = 0;
			knownRegions = (
				en,
				Base,
			);
			mainGroup = 24A6B31F210176F10054C6CE;
			productRefGroup = 24A6B329210176F10054C6CE /* Products */;
			projectDirPath = "";
			projectRoot = "";
			targets = (
				24A6B327210176F10054C6CE /* UITestTutorial */,
				24A6B33B210176F20054C6CE /* UITestTutorialUITests */,
			);
		};
/* End PBXProject section */

/* Begin PBXResourcesBuildPhase section */
		24A6B326210176F10054C6CE /* Resources */ = {
			isa = PBXResourcesBuildPhase;
			buildActionMask = 2147483647;
			files = (
				24A6B336210176F20054C6CE /* LaunchScreen.storyboard in Resources */,
				24A6B333210176F20054C6CE /* Assets.xcassets in Resources */,
				24A6B331210176F10054C6CE /* Main.storyboard in Resources */,
			);
			runOnlyForDeploymentPostprocessing = 0;
		};
		24A6B33A210176F20054C6CE /* Resources */ = {
			isa = PBXResourcesBuildPhase;
			buildActionMask = 2147483647;
			files = (
			);
			runOnlyForDeploymentPostprocessing = 0;
		};
/* End PBXResourcesBuildPhase section */

/* Begin PBXSourcesBuildPhase section */
		24A6B324210176F10054C6CE /* Sources */ = {
			isa = PBXSourcesBuildPhase;
			buildActionMask = 2147483647;
			files = (
				24A6B32E210176F10054C6CE /* ViewController.swift in Sources */,
				24A6B32C210176F10054C6CE /* AppDelegate.swift in Sources */,
			);
			runOnlyForDeploymentPostprocessing = 0;
		};
		24A6B338210176F20054C6CE /* Sources */ = {
			isa = PBXSourcesBuildPhase;
			buildActionMask = 2147483647;
			files = (
				24A6B341210176F20054C6CE /* UITestTutorialUITests.swift in Sources */,
			);
			runOnlyForDeploymentPostprocessing = 0;
		};
/* End PBXSourcesBuildPhase section */

/* Begin PBXTargetDependency section */
		24A6B33E210176F20054C6CE /* PBXTargetDependency */ = {
			isa = PBXTargetDependency;
			target = 24A6B327210176F10054C6CE /* UITestTutorial */;
			targetProxy = 24A6B33D210176F20054C6CE /* PBXContainerItemProxy */;
		};
/* End PBXTargetDependency section */

/* Begin PBXVariantGroup section */
		24A6B32F210176F10054C6CE /* Main.storyboard */ = {
			isa = PBXVariantGroup;
			children = (
				24A6B330210176F10054C6CE /* Base */,
			);
			name = Main.storyboard;
			sourceTree = "<group>";
		};
		24A6B334210176F20054C6CE /* LaunchScreen.storyboard */ = {
			isa = PBXVariantGroup;
			children = (
				24A6B335210176F20054C6CE /* Base */,
			);
			name = LaunchScreen.storyboard;
			sourceTree = "<group>";
		};
/* End PBXVariantGroup section */

/* Begin XCBuildConfiguration section */
		24A6B343210176F20054C6CE /* Debug */ = {
			isa = XCBuildConfiguration;
			buildSettings = {
				ALWAYS_SEARCH_USER_PATHS = NO;
				CLANG_ANALYZER_NONNULL = YES;
				CLANG_ANALYZER_NUMBER_OBJECT_CONVERSION = YES_AGGRESSIVE;
				CLANG_CXX_LANGUAGE_STANDARD = "gnu++14";
				CLANG_CXX_LIBRARY = "libc++";
				CLANG_ENABLE_MODULES = YES;
				CLANG_ENABLE_OBJC_ARC = YES;
				CLANG_ENABLE_OBJC_WEAK = YES;
				CLANG_WARN_BLOCK_CAPTURE_AUTORELEASING = YES;
				CLANG_WARN_BOOL_CONVERSION = YES;
				CLANG_WARN_COMMA = YES;
				CLANG_WARN_CONSTANT_CONVERSION = YES;
				CLANG_WARN_DEPRECATED_OBJC_IMPLEMENTATIONS = YES;
				CLANG_WARN_DIRECT_OBJC_ISA_USAGE = YES_ERROR;
				CLANG_WARN_DOCUMENTATION_COMMENTS = YES;
				CLANG_WARN_EMPTY_BODY = YES;
				CLANG_WARN_ENUM_CONVERSION = YES;
				CLANG_WARN_INFINITE_RECURSION = YES;
				CLANG_WARN_INT_CONVERSION = YES;
				CLANG_WARN_NON_LITERAL_NULL_CONVERSION = YES;
				CLANG_WARN_OBJC_IMPLICIT_RETAIN_SELF = YES;
				CLANG_WARN_OBJC_LITERAL_CONVERSION = YES;
				CLANG_WARN_OBJC_ROOT_CLASS = YES_ERROR;
				CLANG_WARN_RANGE_LOOP_ANALYSIS = YES;
				CLANG_WARN_STRICT_PROTOTYPES = YES;
				CLANG_WARN_SUSPICIOUS_MOVE = YES;
				CLANG_WARN_UNGUARDED_AVAILABILITY = YES_AGGRESSIVE;
				CLANG_WARN_UNREACHABLE_CODE = YES;
				CLANG_WARN__DUPLICATE_METHOD_MATCH = YES;
				CODE_SIGN_IDENTITY = "iPhone Developer";
				COPY_PHASE_STRIP = NO;
				DEBUG_INFORMATION_FORMAT = dwarf;
				ENABLE_STRICT_OBJC_MSGSEND = YES;
				ENABLE_TESTABILITY = YES;
				GCC_C_LANGUAGE_STANDARD = gnu11;
				GCC_DYNAMIC_NO_PIC = NO;
				GCC_NO_COMMON_BLOCKS = YES;
				GCC_OPTIMIZATION_LEVEL = 0;
				GCC_PREPROCESSOR_DEFINITIONS = (
					"DEBUG=1",
					"$(inherited)",
				);
				GCC_WARN_64_TO_32_BIT_CONVERSION = YES;
				GCC_WARN_ABOUT_RETURN_TYPE = YES_ERROR;
				GCC_WARN_UNDECLARED_SELECTOR = YES;
				GCC_WARN_UNINITIALIZED_AUTOS = YES_AGGRESSIVE;
				GCC_WARN_UNUSED_FUNCTION = YES;
				GCC_WARN_UNUSED_VARIABLE = YES;
				IPHONEOS_DEPLOYMENT_TARGET = 11.4;
				MTL_ENABLE_DEBUG_INFO = YES;
				ONLY_ACTIVE_ARCH = YES;
				SDKROOT = iphoneos;
				SWIFT_ACTIVE_COMPILATION_CONDITIONS = DEBUG;
				SWIFT_OPTIMIZATION_LEVEL = "-Onone";
			};
			name = Debug;
		};
		24A6B344210176F20054C6CE /* Release */ = {
			isa = XCBuildConfiguration;
			buildSettings = {
				ALWAYS_SEARCH_USER_PATHS = NO;
				CLANG_ANALYZER_NONNULL = YES;
				CLANG_ANALYZER_NUMBER_OBJECT_CONVERSION = YES_AGGRESSIVE;
				CLANG_CXX_LANGUAGE_STANDARD = "gnu++14";
				CLANG_CXX_LIBRARY = "libc++";
				CLANG_ENABLE_MODULES = YES;
				CLANG_ENABLE_OBJC_ARC = YES;
				CLANG_ENABLE_OBJC_WEAK = YES;
				CLANG_WARN_BLOCK_CAPTURE_AUTORELEASING = YES;
				CLANG_WARN_BOOL_CONVERSION = YES;
				CLANG_WARN_COMMA = YES;
				CLANG_WARN_CONSTANT_CONVERSION = YES;
				CLANG_WARN_DEPRECATED_OBJC_IMPLEMENTATIONS = YES;
				CLANG_WARN_DIRECT_OBJC_ISA_USAGE = YES_ERROR;
				CLANG_WARN_DOCUMENTATION_COMMENTS = YES;
				CLANG_WARN_EMPTY_BODY = YES;
				CLANG_WARN_ENUM_CONVERSION = YES;
				CLANG_WARN_INFINITE_RECURSION = YES;
				CLANG_WARN_INT_CONVERSION = YES;
				CLANG_WARN_NON_LITERAL_NULL_CONVERSION = YES;
				CLANG_WARN_OBJC_IMPLICIT_RETAIN_SELF = YES;
				CLANG_WARN_OBJC_LITERAL_CONVERSION = YES;
				CLANG_WARN_OBJC_ROOT_CLASS = YES_ERROR;
				CLANG_WARN_RANGE_LOOP_ANALYSIS = YES;
				CLANG_WARN_STRICT_PROTOTYPES = YES;
				CLANG_WARN_SUSPICIOUS_MOVE = YES;
				CLANG_WARN_UNGUARDED_AVAILABILITY = YES_AGGRESSIVE;
				CLANG_WARN_UNREACHABLE_CODE = YES;
				CLANG_WARN__DUPLICATE_METHOD_MATCH = YES;
				CODE_SIGN_IDENTITY = "iPhone Developer";
				COPY_PHASE_STRIP = NO;
				DEBUG_INFORMATION_FORMAT = "dwarf-with-dsym";
				ENABLE_NS_ASSERTIONS = NO;
				ENABLE_STRICT_OBJC_MSGSEND = YES;
				GCC_C_LANGUAGE_STANDARD = gnu11;
				GCC_NO_COMMON_BLOCKS = YES;
				GCC_WARN_64_TO_32_BIT_CONVERSION = YES;
				GCC_WARN_ABOUT_RETURN_TYPE = YES_ERROR;
				GCC_WARN_UNDECLARED_SELECTOR = YES;
				GCC_WARN_UNINITIALIZED_AUTOS = YES_AGGRESSIVE;
				GCC_WARN_UNUSED_FUNCTION = YES;
				GCC_WARN_UNUSED_VARIABLE = YES;
				IPHONEOS_DEPLOYMENT_TARGET = 11.4;
				MTL_ENABLE_DEBUG_INFO = NO;
				SDKROOT = iphoneos;
				SWIFT_COMPILATION_MODE = wholemodule;
				SWIFT_OPTIMIZATION_LEVEL = "-O";
				VALIDATE_PRODUCT = YES;
			};
			name = Release;
		};
		24A6B346210176F20054C6CE /* Debug */ = {
			isa = XCBuildConfiguration;
			buildSettings = {
				ASSETCATALOG_COMPILER_APPICON_NAME = AppIcon;
				CODE_SIGN_STYLE = Automatic;
				INFOPLIST_FILE = UITestTutorial/Info.plist;
				LD_RUNPATH_SEARCH_PATHS = (
					"$(inherited)",
					"@executable_path/Frameworks",
				);
				PRODUCT_BUNDLE_IDENTIFIER = com.nakamura.yohei.development.UITestTutorial;
				PRODUCT_NAME = "$(TARGET_NAME)";
				SWIFT_VERSION = 4.0;
				TARGETED_DEVICE_FAMILY = "1,2";
			};
			name = Debug;
		};
		24A6B347210176F20054C6CE /* Release */ = {
			isa = XCBuildConfiguration;
			buildSettings = {
				ASSETCATALOG_COMPILER_APPICON_NAME = AppIcon;
				CODE_SIGN_STYLE = Automatic;
				INFOPLIST_FILE = UITestTutorial/Info.plist;
				LD_RUNPATH_SEARCH_PATHS = (
					"$(inherited)",
					"@executable_path/Frameworks",
				);
				PRODUCT_BUNDLE_IDENTIFIER = com.nakamura.yohei.development.UITestTutorial;
				PRODUCT_NAME = "$(TARGET_NAME)";
				SWIFT_VERSION = 4.0;
				TARGETED_DEVICE_FAMILY = "1,2";
			};
			name = Release;
		};
		24A6B349210176F20054C6CE /* Debug */ = {
			isa = XCBuildConfiguration;
			buildSettings = {
				ALWAYS_EMBED_SWIFT_STANDARD_LIBRARIES = YES;
				CODE_SIGN_STYLE = Automatic;
				INFOPLIST_FILE = UITestTutorialUITests/Info.plist;
				LD_RUNPATH_SEARCH_PATHS = (
					"$(inherited)",
					"@executable_path/Frameworks",
					"@loader_path/Frameworks",
				);
				PRODUCT_BUNDLE_IDENTIFIER = com.nakamura.yohei.development.UITestTutorialUITests;
				PRODUCT_NAME = "$(TARGET_NAME)";
				SWIFT_VERSION = 4.0;
				TARGETED_DEVICE_FAMILY = "1,2";
				TEST_TARGET_NAME = UITestTutorial;
			};
			name = Debug;
		};
		24A6B34A210176F20054C6CE /* Release */ = {
			isa = XCBuildConfiguration;
			buildSettings = {
				ALWAYS_EMBED_SWIFT_STANDARD_LIBRARIES = YES;
				CODE_SIGN_STYLE = Automatic;
				INFOPLIST_FILE = UITestTutorialUITests/Info.plist;
				LD_RUNPATH_SEARCH_PATHS = (
					"$(inherited)",
					"@executable_path/Frameworks",
					"@loader_path/Frameworks",
				);
				PRODUCT_BUNDLE_IDENTIFIER = com.nakamura.yohei.development.UITestTutorialUITests;
				PRODUCT_NAME = "$(TARGET_NAME)";
				SWIFT_VERSION = 4.0;
				TARGETED_DEVICE_FAMILY = "1,2";
				TEST_TARGET_NAME = UITestTutorial;
			};
			name = Release;
		};
/* End XCBuildConfiguration section */

/* Begin XCConfigurationList section */
		24A6B323210176F10054C6CE /* Build configuration list for PBXProject "UITestTutorial" */ = {
			isa = XCConfigurationList;
			buildConfigurations = (
				24A6B343210176F20054C6CE /* Debug */,
				24A6B344210176F20054C6CE /* Release */,
			);
			defaultConfigurationIsVisible = 0;
			defaultConfigurationName = Release;
		};
		24A6B345210176F20054C6CE /* Build configuration list for PBXNativeTarget "UITestTutorial" */ = {
			isa = XCConfigurationList;
			buildConfigurations = (
				24A6B346210176F20054C6CE /* Debug */,
				24A6B347210176F20054C6CE /* Release */,
			);
			defaultConfigurationIsVisible = 0;
			defaultConfigurationName = Release;
		};
		24A6B348210176F20054C6CE /* Build configuration list for PBXNativeTarget "UITestTutorialUITests" */ = {
			isa = XCConfigurationList;
			buildConfigurations = (
				24A6B349210176F20054C6CE /* Debug */,
				24A6B34A210176F20054C6CE /* Release */,
			);
			defaultConfigurationIsVisible = 0;
			defaultConfigurationName = Release;
		};
/* End XCConfigurationList section */
	};
	rootObject = 24A6B320210176F10054C6CE /* Project object */;
}
